
Microsoft Visual Studio Solution File, Format Version 12.00
# Visual Studio Version 17
VisualStudioVersion = 17.3.32819.101
MinimumVisualStudioVersion = 10.0.40219.1
Project("{FAE04EC0-301F-11D3-BF4B-00C04F79EFBC}") = "NetSuiteRestApiOAuth2", "NetSuiteRestApiOAuth2.csproj", "{2F102F4F-3D1A-4F65-9D66-5A735E4E90C7}"
EndProject
Global
	GlobalSection(SolutionConfigurationPlatforms) = preSolution
		Debug|Any CPU = Debug|Any CPU
		Release|Any CPU = Release|Any CPU
	EndGlobalSection
	GlobalSection(ProjectConfigurationPlatforms) = postSolution
		{2F102F4F-3D1A-4F65-9D66-5A735E4E90C7}.Debug|Any CPU.ActiveCfg = Debug|Any CPU
		{2F102F4F-3D1A-4F65-9D66-5A735E4E90C7}.Debug|Any CPU.Build.0 = Debug|Any CPU
		{2F102F4F-3D1A-4F65-9D66-5A735E4E90C7}.Release|Any CPU.ActiveCfg = Release|Any CPU
		{2F102F4F-3D1A-4F65-9D66-5A735E4E90C7}.Release|Any CPU.Build.0 = Release|Any CPU
	EndGlobalSection
	GlobalSection(SolutionProperties) = preSolution
		HideSolutionNode = FALSE
	EndGlobalSection
	GlobalSection(ExtensibilityGlobals) = postSolution
		SolutionGuid = {3DF70D62-3C25-4E35-BA65-D9D54F5E7356}
	EndGlobalSection
EndGlobal
